
Microsoft Visual Studio Solution File, Format Version 12.00
# Visual Studio Version 17
VisualStudioVersion = 17.0.32126.317
MinimumVisualStudioVersion = 10.0.40219.1
Project("{9A19103F-16F7-4668-BE54-9A1E7A4F7556}") = "ClosedXML.Sandbox", "ClosedXML.Sandbox\ClosedXML.Sandbox.csproj", "{38B882F0-E6F2-45C5-9BE9-CDC27FBEB4AB}"
EndProject
Project("{9A19103F-16F7-4668-BE54-9A1E7A4F7556}") = "ClosedXML.Examples", "ClosedXML.Examples\ClosedXML.Examples.csproj", "{03A518D0-1CB7-488E-861C-C4E782B27A46}"
EndProject
Project("{9A19103F-16F7-4668-BE54-9A1E7A4F7556}") = "ClosedXML", "ClosedXML\ClosedXML.csproj", "{BD5E6BFE-E837-4A35-BCA9-39667D873A20}"
EndProject
Project("{9A19103F-16F7-4668-BE54-9A1E7A4F7556}") = "ClosedXML.Tests", "ClosedXML.Tests\ClosedXML.Tests.csproj", "{09B066ED-E4A7-4545-A1A4-FF03DD524BDF}"
EndProject
Project("{2150E333-8FDC-42A3-9474-1A3956D46DE8}") = ".github", ".github", "{073CFB1C-43DC-4ADC-9D12-BB8D7B10C099}"
	ProjectSection(SolutionItems) = preProject
		.github\dependabot.yml = .github\dependabot.yml
		.github\workflows\dotnet.yml = .github\workflows\dotnet.yml
		.github\ISSUE_TEMPLATE.md = .github\ISSUE_TEMPLATE.md
	EndProjectSection
EndProject
Project("{2150E333-8FDC-42A3-9474-1A3956D46DE8}") = "Solution Items", "Solution Items", "{A120216E-5210-463B-9204-09AF19400FE7}"
	ProjectSection(SolutionItems) = preProject
		.editorconfig = .editorconfig
		CONTRIBUTING.md = CONTRIBUTING.md
		README.md = README.md
		testenvironments.json = testenvironments.json
	EndProjectSection
EndProject
Global
	GlobalSection(SolutionConfigurationPlatforms) = preSolution
		Debug|Any CPU = Debug|Any CPU
		Release|Any CPU = Release|Any CPU
	EndGlobalSection
	GlobalSection(ProjectConfigurationPlatforms) = postSolution
		{38B882F0-E6F2-45C5-9BE9-CDC27FBEB4AB}.Debug|Any CPU.ActiveCfg = Debug|Any CPU
		{38B882F0-E6F2-45C5-9BE9-CDC27FBEB4AB}.Debug|Any CPU.Build.0 = Debug|Any CPU
		{38B882F0-E6F2-45C5-9BE9-CDC27FBEB4AB}.Release|Any CPU.ActiveCfg = Release|Any CPU
		{38B882F0-E6F2-45C5-9BE9-CDC27FBEB4AB}.Release|Any CPU.Build.0 = Release|Any CPU
		{03A518D0-1CB7-488E-861C-C4E782B27A46}.Debug|Any CPU.ActiveCfg = Debug|Any CPU
		{03A518D0-1CB7-488E-861C-C4E782B27A46}.Debug|Any CPU.Build.0 = Debug|Any CPU
		{03A518D0-1CB7-488E-861C-C4E782B27A46}.Release|Any CPU.ActiveCfg = Release|Any CPU
		{03A518D0-1CB7-488E-861C-C4E782B27A46}.Release|Any CPU.Build.0 = Release|Any CPU
		{BD5E6BFE-E837-4A35-BCA9-39667D873A20}.Debug|Any CPU.ActiveCfg = Debug|Any CPU
		{BD5E6BFE-E837-4A35-BCA9-39667D873A20}.Debug|Any CPU.Build.0 = Debug|Any CPU
		{BD5E6BFE-E837-4A35-BCA9-39667D873A20}.Release|Any CPU.ActiveCfg = Release|Any CPU
		{BD5E6BFE-E837-4A35-BCA9-39667D873A20}.Release|Any CPU.Build.0 = Release|Any CPU
		{09B066ED-E4A7-4545-A1A4-FF03DD524BDF}.Debug|Any CPU.ActiveCfg = Debug|Any CPU
		{09B066ED-E4A7-4545-A1A4-FF03DD524BDF}.Debug|Any CPU.Build.0 = Debug|Any CPU
		{09B066ED-E4A7-4545-A1A4-FF03DD524BDF}.Release|Any CPU.ActiveCfg = Release|Any CPU
		{09B066ED-E4A7-4545-A1A4-FF03DD524BDF}.Release|Any CPU.Build.0 = Release|Any CPU
	EndGlobalSection
	GlobalSection(SolutionProperties) = preSolution
		HideSolutionNode = FALSE
	EndGlobalSection
	GlobalSection(ExtensibilityGlobals) = postSolution
		SolutionGuid = {2E35B7D8-9690-408F-B52A-F4FC485A6B09}
	EndGlobalSection
	GlobalSection(TestCaseManagementSettings) = postSolution
		CategoryFile = ClosedXML.vsmdi
	EndGlobalSection
EndGlobal
