
Microsoft Visual Studio Solution File, Format Version 12.00
# Visual Studio Version 17
VisualStudioVersion = 17.2.32630.192
MinimumVisualStudioVersion = 10.0.40219.1
Project("{9A19103F-16F7-4668-BE54-9A1E7A4F7556}") = "ClosedXML.Sandbox", "ClosedXML.Sandbox\ClosedXML.Sandbox.csproj", "{38B882F0-E6F2-45C5-9BE9-CDC27FBEB4AB}"
EndProject
Project("{2150E333-8FDC-42A3-9474-1A3956D46DE8}") = "Solution Items", "Solution Items", "{5C94E22C-85AA-48FD-B082-CF929FFC6C31}"
	ProjectSection(SolutionItems) = preProject
		appveyor.yml = appveyor.yml
		ClosedXML.vsmdi = ClosedXML.vsmdi
		Directory.Build.props = Directory.Build.props
	EndProjectSection
EndProject
Project("{9A19103F-16F7-4668-BE54-9A1E7A4F7556}") = "ClosedXML.Examples", "ClosedXML.Examples\ClosedXML.Examples.csproj", "{03A518D0-1CB7-488E-861C-C4E782B27A46}"
EndProject
Project("{9A19103F-16F7-4668-BE54-9A1E7A4F7556}") = "ClosedXML", "ClosedXML\ClosedXML.csproj", "{BD5E6BFE-E837-4A35-BCA9-39667D873A20}"
EndProject
Project("{9A19103F-16F7-4668-BE54-9A1E7A4F7556}") = "ClosedXML.Tests", "ClosedXML.Tests\ClosedXML.Tests.csproj", "{09B066ED-E4A7-4545-A1A4-FF03DD524BDF}"
EndProject
Project("{2150E333-8FDC-42A3-9474-1A3956D46DE8}") = ".github", ".github", "{073CFB1C-43DC-4ADC-9D12-BB8D7B10C099}"
	ProjectSection(SolutionItems) = preProject
		.github\ISSUE_TEMPLATE.md = .github\ISSUE_TEMPLATE.md
		.github\PULL_REQUEST_TEMPLATE.md = .github\PULL_REQUEST_TEMPLATE.md
	EndProjectSection
EndProject
Project("{2150E333-8FDC-42A3-9474-1A3956D46DE8}") = "Performance", "Performance", "{E40AF109-DDB9-4E91-9562-3FE1CE699F6F}"
EndProject
Project("{9A19103F-16F7-4668-BE54-9A1E7A4F7556}") = "ClosedXML.Performance.BaseLine", "Performance\ClosedXML.Performance.BaseLine\ClosedXML.Performance.BaseLine.csproj", "{2BBE8106-5B8A-4AAB-9305-D49448AFAF94}"
EndProject
Project("{9A19103F-16F7-4668-BE54-9A1E7A4F7556}") = "ClosedXML.Performance.Current", "Performance\ClosedXML.Performance.Current\ClosedXML.Performance.Current.csproj", "{143654F3-EB5C-42D2-8346-DA50B6050676}"
EndProject
Project("{9A19103F-16F7-4668-BE54-9A1E7A4F7556}") = "ClosedXML.Performance.Tests", "Performance\ClosedXML.Performance.Tests\ClosedXML.Performance.Tests.csproj", "{655931BF-64FC-4176-9D56-86FEEBE84143}"
EndProject
Project("{9A19103F-16F7-4668-BE54-9A1E7A4F7556}") = "ClosedXML.Performance.Common", "Performance\ClosedXML.Performance.Common\ClosedXML.Performance.Common.csproj", "{A3FF4CD2-5629-412B-89CB-D46E554432D4}"
EndProject
Global
	GlobalSection(SolutionConfigurationPlatforms) = preSolution
		Debug|Any CPU = Debug|Any CPU
		Release|Any CPU = Release|Any CPU
	EndGlobalSection
	GlobalSection(ProjectConfigurationPlatforms) = postSolution
		{38B882F0-E6F2-45C5-9BE9-CDC27FBEB4AB}.Debug|Any CPU.ActiveCfg = Debug|Any CPU
		{38B882F0-E6F2-45C5-9BE9-CDC27FBEB4AB}.Debug|Any CPU.Build.0 = Debug|Any CPU
		{38B882F0-E6F2-45C5-9BE9-CDC27FBEB4AB}.Release|Any CPU.ActiveCfg = Release|Any CPU
		{38B882F0-E6F2-45C5-9BE9-CDC27FBEB4AB}.Release|Any CPU.Build.0 = Release|Any CPU
		{03A518D0-1CB7-488E-861C-C4E782B27A46}.Debug|Any CPU.ActiveCfg = Debug|Any CPU
		{03A518D0-1CB7-488E-861C-C4E782B27A46}.Debug|Any CPU.Build.0 = Debug|Any CPU
		{03A518D0-1CB7-488E-861C-C4E782B27A46}.Release|Any CPU.ActiveCfg = Release|Any CPU
		{03A518D0-1CB7-488E-861C-C4E782B27A46}.Release|Any CPU.Build.0 = Release|Any CPU
		{BD5E6BFE-E837-4A35-BCA9-39667D873A20}.Debug|Any CPU.ActiveCfg = Debug|Any CPU
		{BD5E6BFE-E837-4A35-BCA9-39667D873A20}.Debug|Any CPU.Build.0 = Debug|Any CPU
		{BD5E6BFE-E837-4A35-BCA9-39667D873A20}.Release|Any CPU.ActiveCfg = Release|Any CPU
		{BD5E6BFE-E837-4A35-BCA9-39667D873A20}.Release|Any CPU.Build.0 = Release|Any CPU
		{09B066ED-E4A7-4545-A1A4-FF03DD524BDF}.Debug|Any CPU.ActiveCfg = Debug|Any CPU
		{09B066ED-E4A7-4545-A1A4-FF03DD524BDF}.Debug|Any CPU.Build.0 = Debug|Any CPU
		{09B066ED-E4A7-4545-A1A4-FF03DD524BDF}.Release|Any CPU.ActiveCfg = Release|Any CPU
		{09B066ED-E4A7-4545-A1A4-FF03DD524BDF}.Release|Any CPU.Build.0 = Release|Any CPU
		{2BBE8106-5B8A-4AAB-9305-D49448AFAF94}.Debug|Any CPU.ActiveCfg = Release|Any CPU
		{2BBE8106-5B8A-4AAB-9305-D49448AFAF94}.Release.Signed|Any CPU.ActiveCfg = Release|Any CPU
		{2BBE8106-5B8A-4AAB-9305-D49448AFAF94}.Release|Any CPU.ActiveCfg = Release|Any CPU
		{2BBE8106-5B8A-4AAB-9305-D49448AFAF94}.Release|Any CPU.Build.0 = Release|Any CPU
		{143654F3-EB5C-42D2-8346-DA50B6050676}.Debug|Any CPU.ActiveCfg = Release|Any CPU
		{143654F3-EB5C-42D2-8346-DA50B6050676}.Release.Signed|Any CPU.ActiveCfg = Release|Any CPU
		{143654F3-EB5C-42D2-8346-DA50B6050676}.Release|Any CPU.ActiveCfg = Release|Any CPU
		{143654F3-EB5C-42D2-8346-DA50B6050676}.Release|Any CPU.Build.0 = Release|Any CPU
		{655931BF-64FC-4176-9D56-86FEEBE84143}.Debug|Any CPU.ActiveCfg = Debug|Any CPU
		{655931BF-64FC-4176-9D56-86FEEBE84143}.Release.Signed|Any CPU.ActiveCfg = Release|Any CPU
		{655931BF-64FC-4176-9D56-86FEEBE84143}.Release|Any CPU.ActiveCfg = Release|Any CPU
		{655931BF-64FC-4176-9D56-86FEEBE84143}.Release|Any CPU.Build.0 = Release|Any CPU
		{A3FF4CD2-5629-412B-89CB-D46E554432D4}.Debug|Any CPU.ActiveCfg = Debug|Any CPU
		{A3FF4CD2-5629-412B-89CB-D46E554432D4}.Release.Signed|Any CPU.ActiveCfg = Release|Any CPU
		{A3FF4CD2-5629-412B-89CB-D46E554432D4}.Release|Any CPU.ActiveCfg = Release|Any CPU
		{A3FF4CD2-5629-412B-89CB-D46E554432D4}.Release|Any CPU.Build.0 = Release|Any CPU
	EndGlobalSection
	GlobalSection(SolutionProperties) = preSolution
		HideSolutionNode = FALSE
	EndGlobalSection
	GlobalSection(NestedProjects) = preSolution
		{2BBE8106-5B8A-4AAB-9305-D49448AFAF94} = {E40AF109-DDB9-4E91-9562-3FE1CE699F6F}
		{143654F3-EB5C-42D2-8346-DA50B6050676} = {E40AF109-DDB9-4E91-9562-3FE1CE699F6F}
		{655931BF-64FC-4176-9D56-86FEEBE84143} = {E40AF109-DDB9-4E91-9562-3FE1CE699F6F}
		{A3FF4CD2-5629-412B-89CB-D46E554432D4} = {E40AF109-DDB9-4E91-9562-3FE1CE699F6F}
	EndGlobalSection
	GlobalSection(ExtensibilityGlobals) = postSolution
		SolutionGuid = {2E35B7D8-9690-408F-B52A-F4FC485A6B09}
	EndGlobalSection
	GlobalSection(TestCaseManagementSettings) = postSolution
		CategoryFile = ClosedXML.vsmdi
	EndGlobalSection
EndGlobal
