Microsoft Visual Studio Solution File, Format Version 12.00
# Visual Studio Version 17
VisualStudioVersion = 17.5.2.0
MinimumVisualStudioVersion = 10.0.40219.1
Project("{FAE04EC0-301F-11D3-BF4B-00C04F79EFBC}") = "ClosedXmlExample", "ClosedXmlExample.csproj", "{ED17B169-8BA3-9401-819D-FD59C43498BB}"
EndProject
Global
	GlobalSection(SolutionConfigurationPlatforms) = preSolution
		Debug|Any CPU = Debug|Any CPU
		Release|Any CPU = Release|Any CPU
	EndGlobalSection
	GlobalSection(ProjectConfigurationPlatforms) = postSolution
		{ED17B169-8BA3-9401-819D-FD59C43498BB}.Debug|Any CPU.ActiveCfg = Debug|Any CPU
		{ED17B169-8BA3-9401-819D-FD59C43498BB}.Debug|Any CPU.Build.0 = Debug|Any CPU
		{ED17B169-8BA3-9401-819D-FD59C43498BB}.Release|Any CPU.ActiveCfg = Release|Any CPU
		{ED17B169-8BA3-9401-819D-FD59C43498BB}.Release|Any CPU.Build.0 = Release|Any CPU
	EndGlobalSection
	GlobalSection(SolutionProperties) = preSolution
		HideSolutionNode = FALSE
	EndGlobalSection
	GlobalSection(ExtensibilityGlobals) = postSolution
		SolutionGuid = {A41CFE34-393B-4D9D-B3BB-73AFE90C89B5}
	EndGlobalSection
EndGlobal
