
Microsoft Visual Studio Solution File, Format Version 12.00
# Visual Studio 2013
VisualStudioVersion = 12.0.31101.0
MinimumVisualStudioVersion = 10.0.40219.1
Project("{FAE04EC0-301F-11D3-BF4B-00C04F79EFBC}") = "ClosedXML_Sandbox", "ClosedXML_Sandbox\ClosedXML_Sandbox.csproj", "{38B882F0-E6F2-45C5-9BE9-CDC27FBEB4AB}"
EndProject
Project("{2150E333-8FDC-42A3-9474-1A3956D46DE8}") = "Solution Items", "Solution Items", "{5C94E22C-85AA-48FD-B082-CF929FFC6C31}"
	ProjectSection(SolutionItems) = preProject
		ClosedXML.vsmdi = ClosedXML.vsmdi
		DocumentFormat.OpenXml.dll = DocumentFormat.OpenXml.dll
		Ionic.Zip.dll = Ionic.Zip.dll
		Local.testsettings = Local.testsettings
		TraceAndTestImpact.testsettings = TraceAndTestImpact.testsettings
	EndProjectSection
EndProject
Project("{FAE04EC0-301F-11D3-BF4B-00C04F79EFBC}") = "ClosedXML_Examples", "ClosedXML_Examples\ClosedXML_Examples.csproj", "{03A518D0-1CB7-488E-861C-C4E782B27A46}"
EndProject
Project("{FAE04EC0-301F-11D3-BF4B-00C04F79EFBC}") = "ClosedXML_Net3.5", "ClosedXML_Net3.5\ClosedXML_Net3.5.csproj", "{5F43B12B-A900-40C6-9924-A0C0B032F791}"
EndProject
Project("{FAE04EC0-301F-11D3-BF4B-00C04F79EFBC}") = "ClosedXML", "ClosedXML\ClosedXML.csproj", "{BD5E6BFE-E837-4A35-BCA9-39667D873A20}"
EndProject
Project("{FAE04EC0-301F-11D3-BF4B-00C04F79EFBC}") = "ClosedXML_Tests", "ClosedXML_Tests\ClosedXML_Tests.csproj", "{09B066ED-E4A7-4545-A1A4-FF03DD524BDF}"
EndProject
Project("{FAE04EC0-301F-11D3-BF4B-00C04F79EFBC}") = "ClosedXML_Package", "ClosedXML_Package\ClosedXML_Package.csproj", "{69B3BDDF-C359-447C-AEB7-EBD8867DE528}"
EndProject
Project("{2150E333-8FDC-42A3-9474-1A3956D46DE8}") = ".nuget", ".nuget", "{8018E34C-28E4-4FAF-87DC-A71D6275C567}"
	ProjectSection(SolutionItems) = preProject
		.nuget\NuGet.Config = .nuget\NuGet.Config
		.nuget\NuGet.exe = .nuget\NuGet.exe
		.nuget\NuGet.targets = .nuget\NuGet.targets
	EndProjectSection
EndProject
Global
	GlobalSection(SolutionConfigurationPlatforms) = preSolution
		Debug|Any CPU = Debug|Any CPU
		Debug|Mixed Platforms = Debug|Mixed Platforms
		Debug|x64 = Debug|x64
		Debug|x86 = Debug|x86
		Release|Any CPU = Release|Any CPU
		Release|Mixed Platforms = Release|Mixed Platforms
		Release|x64 = Release|x64
		Release|x86 = Release|x86
	EndGlobalSection
	GlobalSection(ProjectConfigurationPlatforms) = postSolution
		{38B882F0-E6F2-45C5-9BE9-CDC27FBEB4AB}.Debug|Any CPU.ActiveCfg = Debug|Any CPU
		{38B882F0-E6F2-45C5-9BE9-CDC27FBEB4AB}.Debug|Any CPU.Build.0 = Debug|Any CPU
		{38B882F0-E6F2-45C5-9BE9-CDC27FBEB4AB}.Debug|Mixed Platforms.ActiveCfg = Debug|Any CPU
		{38B882F0-E6F2-45C5-9BE9-CDC27FBEB4AB}.Debug|Mixed Platforms.Build.0 = Debug|Any CPU
		{38B882F0-E6F2-45C5-9BE9-CDC27FBEB4AB}.Debug|x64.ActiveCfg = Debug|x64
		{38B882F0-E6F2-45C5-9BE9-CDC27FBEB4AB}.Debug|x64.Build.0 = Debug|x64
		{38B882F0-E6F2-45C5-9BE9-CDC27FBEB4AB}.Debug|x86.ActiveCfg = Debug|x86
		{38B882F0-E6F2-45C5-9BE9-CDC27FBEB4AB}.Debug|x86.Build.0 = Debug|x86
		{38B882F0-E6F2-45C5-9BE9-CDC27FBEB4AB}.Release|Any CPU.ActiveCfg = Release|Any CPU
		{38B882F0-E6F2-45C5-9BE9-CDC27FBEB4AB}.Release|Any CPU.Build.0 = Release|Any CPU
		{38B882F0-E6F2-45C5-9BE9-CDC27FBEB4AB}.Release|Mixed Platforms.ActiveCfg = Release|Any CPU
		{38B882F0-E6F2-45C5-9BE9-CDC27FBEB4AB}.Release|Mixed Platforms.Build.0 = Release|Any CPU
		{38B882F0-E6F2-45C5-9BE9-CDC27FBEB4AB}.Release|x64.ActiveCfg = Release|x64
		{38B882F0-E6F2-45C5-9BE9-CDC27FBEB4AB}.Release|x64.Build.0 = Release|x64
		{38B882F0-E6F2-45C5-9BE9-CDC27FBEB4AB}.Release|x86.ActiveCfg = Release|Any CPU
		{38B882F0-E6F2-45C5-9BE9-CDC27FBEB4AB}.Release|x86.Build.0 = Release|Any CPU
		{03A518D0-1CB7-488E-861C-C4E782B27A46}.Debug|Any CPU.ActiveCfg = Debug|Any CPU
		{03A518D0-1CB7-488E-861C-C4E782B27A46}.Debug|Any CPU.Build.0 = Debug|Any CPU
		{03A518D0-1CB7-488E-861C-C4E782B27A46}.Debug|Mixed Platforms.ActiveCfg = Debug|Any CPU
		{03A518D0-1CB7-488E-861C-C4E782B27A46}.Debug|Mixed Platforms.Build.0 = Debug|Any CPU
		{03A518D0-1CB7-488E-861C-C4E782B27A46}.Debug|x64.ActiveCfg = Debug|x64
		{03A518D0-1CB7-488E-861C-C4E782B27A46}.Debug|x64.Build.0 = Debug|x64
		{03A518D0-1CB7-488E-861C-C4E782B27A46}.Debug|x86.ActiveCfg = Debug|x86
		{03A518D0-1CB7-488E-861C-C4E782B27A46}.Debug|x86.Build.0 = Debug|x86
		{03A518D0-1CB7-488E-861C-C4E782B27A46}.Release|Any CPU.ActiveCfg = Release|Any CPU
		{03A518D0-1CB7-488E-861C-C4E782B27A46}.Release|Any CPU.Build.0 = Release|Any CPU
		{03A518D0-1CB7-488E-861C-C4E782B27A46}.Release|Mixed Platforms.ActiveCfg = Release|Any CPU
		{03A518D0-1CB7-488E-861C-C4E782B27A46}.Release|Mixed Platforms.Build.0 = Release|Any CPU
		{03A518D0-1CB7-488E-861C-C4E782B27A46}.Release|x64.ActiveCfg = Release|x64
		{03A518D0-1CB7-488E-861C-C4E782B27A46}.Release|x64.Build.0 = Release|x64
		{03A518D0-1CB7-488E-861C-C4E782B27A46}.Release|x86.ActiveCfg = Release|Any CPU
		{03A518D0-1CB7-488E-861C-C4E782B27A46}.Release|x86.Build.0 = Release|Any CPU
		{5F43B12B-A900-40C6-9924-A0C0B032F791}.Debug|Any CPU.ActiveCfg = Debug|Any CPU
		{5F43B12B-A900-40C6-9924-A0C0B032F791}.Debug|Any CPU.Build.0 = Debug|Any CPU
		{5F43B12B-A900-40C6-9924-A0C0B032F791}.Debug|Mixed Platforms.ActiveCfg = Debug|Any CPU
		{5F43B12B-A900-40C6-9924-A0C0B032F791}.Debug|Mixed Platforms.Build.0 = Debug|Any CPU
		{5F43B12B-A900-40C6-9924-A0C0B032F791}.Debug|x64.ActiveCfg = Debug|x64
		{5F43B12B-A900-40C6-9924-A0C0B032F791}.Debug|x64.Build.0 = Debug|x64
		{5F43B12B-A900-40C6-9924-A0C0B032F791}.Debug|x86.ActiveCfg = Debug|x86
		{5F43B12B-A900-40C6-9924-A0C0B032F791}.Debug|x86.Build.0 = Debug|x86
		{5F43B12B-A900-40C6-9924-A0C0B032F791}.Release|Any CPU.ActiveCfg = Release|Any CPU
		{5F43B12B-A900-40C6-9924-A0C0B032F791}.Release|Any CPU.Build.0 = Release|Any CPU
		{5F43B12B-A900-40C6-9924-A0C0B032F791}.Release|Mixed Platforms.ActiveCfg = Release|Any CPU
		{5F43B12B-A900-40C6-9924-A0C0B032F791}.Release|Mixed Platforms.Build.0 = Release|Any CPU
		{5F43B12B-A900-40C6-9924-A0C0B032F791}.Release|x64.ActiveCfg = Release|x64
		{5F43B12B-A900-40C6-9924-A0C0B032F791}.Release|x64.Build.0 = Release|x64
		{5F43B12B-A900-40C6-9924-A0C0B032F791}.Release|x86.ActiveCfg = Release|Any CPU
		{5F43B12B-A900-40C6-9924-A0C0B032F791}.Release|x86.Build.0 = Release|Any CPU
		{BD5E6BFE-E837-4A35-BCA9-39667D873A20}.Debug|Any CPU.ActiveCfg = Debug|Any CPU
		{BD5E6BFE-E837-4A35-BCA9-39667D873A20}.Debug|Any CPU.Build.0 = Debug|Any CPU
		{BD5E6BFE-E837-4A35-BCA9-39667D873A20}.Debug|Mixed Platforms.ActiveCfg = Debug|Any CPU
		{BD5E6BFE-E837-4A35-BCA9-39667D873A20}.Debug|Mixed Platforms.Build.0 = Debug|Any CPU
		{BD5E6BFE-E837-4A35-BCA9-39667D873A20}.Debug|x64.ActiveCfg = Debug|x64
		{BD5E6BFE-E837-4A35-BCA9-39667D873A20}.Debug|x64.Build.0 = Debug|x64
		{BD5E6BFE-E837-4A35-BCA9-39667D873A20}.Debug|x86.ActiveCfg = Debug|x86
		{BD5E6BFE-E837-4A35-BCA9-39667D873A20}.Debug|x86.Build.0 = Debug|x86
		{BD5E6BFE-E837-4A35-BCA9-39667D873A20}.Release|Any CPU.ActiveCfg = Release|Any CPU
		{BD5E6BFE-E837-4A35-BCA9-39667D873A20}.Release|Any CPU.Build.0 = Release|Any CPU
		{BD5E6BFE-E837-4A35-BCA9-39667D873A20}.Release|Mixed Platforms.ActiveCfg = Release|Any CPU
		{BD5E6BFE-E837-4A35-BCA9-39667D873A20}.Release|Mixed Platforms.Build.0 = Release|Any CPU
		{BD5E6BFE-E837-4A35-BCA9-39667D873A20}.Release|x64.ActiveCfg = Release|x64
		{BD5E6BFE-E837-4A35-BCA9-39667D873A20}.Release|x64.Build.0 = Release|x64
		{BD5E6BFE-E837-4A35-BCA9-39667D873A20}.Release|x86.ActiveCfg = Release|Any CPU
		{BD5E6BFE-E837-4A35-BCA9-39667D873A20}.Release|x86.Build.0 = Release|Any CPU
		{09B066ED-E4A7-4545-A1A4-FF03DD524BDF}.Debug|Any CPU.ActiveCfg = Debug|Any CPU
		{09B066ED-E4A7-4545-A1A4-FF03DD524BDF}.Debug|Any CPU.Build.0 = Debug|Any CPU
		{09B066ED-E4A7-4545-A1A4-FF03DD524BDF}.Debug|Mixed Platforms.ActiveCfg = Debug|Any CPU
		{09B066ED-E4A7-4545-A1A4-FF03DD524BDF}.Debug|Mixed Platforms.Build.0 = Debug|Any CPU
		{09B066ED-E4A7-4545-A1A4-FF03DD524BDF}.Debug|x64.ActiveCfg = Debug|Any CPU
		{09B066ED-E4A7-4545-A1A4-FF03DD524BDF}.Debug|x86.ActiveCfg = Debug|Any CPU
		{09B066ED-E4A7-4545-A1A4-FF03DD524BDF}.Release|Any CPU.ActiveCfg = Release|Any CPU
		{09B066ED-E4A7-4545-A1A4-FF03DD524BDF}.Release|Any CPU.Build.0 = Release|Any CPU
		{09B066ED-E4A7-4545-A1A4-FF03DD524BDF}.Release|Mixed Platforms.ActiveCfg = Release|Any CPU
		{09B066ED-E4A7-4545-A1A4-FF03DD524BDF}.Release|Mixed Platforms.Build.0 = Release|Any CPU
		{09B066ED-E4A7-4545-A1A4-FF03DD524BDF}.Release|x64.ActiveCfg = Release|Any CPU
		{09B066ED-E4A7-4545-A1A4-FF03DD524BDF}.Release|x86.ActiveCfg = Release|Any CPU
		{69B3BDDF-C359-447C-AEB7-EBD8867DE528}.Debug|Any CPU.ActiveCfg = Debug|x86
		{69B3BDDF-C359-447C-AEB7-EBD8867DE528}.Debug|Any CPU.Build.0 = Debug|x86
		{69B3BDDF-C359-447C-AEB7-EBD8867DE528}.Debug|Mixed Platforms.ActiveCfg = Debug|x86
		{69B3BDDF-C359-447C-AEB7-EBD8867DE528}.Debug|Mixed Platforms.Build.0 = Debug|x86
		{69B3BDDF-C359-447C-AEB7-EBD8867DE528}.Debug|x64.ActiveCfg = Debug|x86
		{69B3BDDF-C359-447C-AEB7-EBD8867DE528}.Debug|x86.ActiveCfg = Debug|x86
		{69B3BDDF-C359-447C-AEB7-EBD8867DE528}.Debug|x86.Build.0 = Debug|x86
		{69B3BDDF-C359-447C-AEB7-EBD8867DE528}.Release|Any CPU.ActiveCfg = Release|x86
		{69B3BDDF-C359-447C-AEB7-EBD8867DE528}.Release|Any CPU.Build.0 = Release|x86
		{69B3BDDF-C359-447C-AEB7-EBD8867DE528}.Release|Mixed Platforms.ActiveCfg = Release|x86
		{69B3BDDF-C359-447C-AEB7-EBD8867DE528}.Release|Mixed Platforms.Build.0 = Release|x86
		{69B3BDDF-C359-447C-AEB7-EBD8867DE528}.Release|x64.ActiveCfg = Release|x86
		{69B3BDDF-C359-447C-AEB7-EBD8867DE528}.Release|x86.ActiveCfg = Release|x86
		{69B3BDDF-C359-447C-AEB7-EBD8867DE528}.Release|x86.Build.0 = Release|x86
	EndGlobalSection
	GlobalSection(SolutionProperties) = preSolution
		HideSolutionNode = FALSE
	EndGlobalSection
	GlobalSection(TestCaseManagementSettings) = postSolution
		CategoryFile = ClosedXML.vsmdi
	EndGlobalSection
EndGlobal
